
Microsoft Visual Studio Solution File, Format Version 12.00
# Visual Studio Version 17
VisualStudioVersion = 17.11.35312.102
MinimumVisualStudioVersion = 10.0.40219.1
Project("{FAE04EC0-301F-11D3-BF4B-00C04F79EFBC}") = "APIAutomation", "APIAutomation\APIAutomation.csproj", "{E9DD5CC9-3F86-48C7-8A8D-F7640B477D8A}"
EndProject
Project("{FAE04EC0-301F-11D3-BF4B-00C04F79EFBC}") = "UIAutomation", "UIAutomation\UIAutomation.csproj", "{A0B67FFC-6635-407C-B9D2-D63F5AD4808F}"
EndProject
Global
	GlobalSection(SolutionConfigurationPlatforms) = preSolution
		Debug|Any CPU = Debug|Any CPU
		Release|Any CPU = Release|Any CPU
	EndGlobalSection
	GlobalSection(ProjectConfigurationPlatforms) = postSolution
		{E9DD5CC9-3F86-48C7-8A8D-F7640B477D8A}.Debug|Any CPU.ActiveCfg = Debug|Any CPU
		{E9DD5CC9-3F86-48C7-8A8D-F7640B477D8A}.Debug|Any CPU.Build.0 = Debug|Any CPU
		{E9DD5CC9-3F86-48C7-8A8D-F7640B477D8A}.Release|Any CPU.ActiveCfg = Release|Any CPU
		{E9DD5CC9-3F86-48C7-8A8D-F7640B477D8A}.Release|Any CPU.Build.0 = Release|Any CPU
		{A0B67FFC-6635-407C-B9D2-D63F5AD4808F}.Debug|Any CPU.ActiveCfg = Debug|Any CPU
		{A0B67FFC-6635-407C-B9D2-D63F5AD4808F}.Debug|Any CPU.Build.0 = Debug|Any CPU
		{A0B67FFC-6635-407C-B9D2-D63F5AD4808F}.Release|Any CPU.ActiveCfg = Release|Any CPU
		{A0B67FFC-6635-407C-B9D2-D63F5AD4808F}.Release|Any CPU.Build.0 = Release|Any CPU
	EndGlobalSection
	GlobalSection(SolutionProperties) = preSolution
		HideSolutionNode = FALSE
	EndGlobalSection
	GlobalSection(ExtensibilityGlobals) = postSolution
		SolutionGuid = {C1F43FFE-340E-4BDA-8B1C-5950CDF8C93D}
	EndGlobalSection
EndGlobal
